
Microsoft Visual Studio Solution File, Format Version 12.00
Project("{FAE04EC0-301F-11D3-BF4B-00C04F79EFBC}") = "JimBro.Application", "JimBro.Application\JimBro.Application.csproj", "{B59D868E-476B-43B2-901B-362421ABA2A2}"
EndProject
Project("{FAE04EC0-301F-11D3-BF4B-00C04F79EFBC}") = "JimBro.Database", "JimBro.Database\JimBro.Database.csproj", "{34E36FBA-6506-49E6-BADC-62198423916F}"
EndProject
Project("{FAE04EC0-301F-11D3-BF4B-00C04F79EFBC}") = "JimBro.Uix", "JimBro.Uix\JimBro.Uix.csproj", "{B49493B5-1468-49A6-9304-3CC1011FFADC}"
EndProject
Global
	GlobalSection(SolutionConfigurationPlatforms) = preSolution
		Debug|Any CPU = Debug|Any CPU
		Release|Any CPU = Release|Any CPU
	EndGlobalSection
	GlobalSection(ProjectConfigurationPlatforms) = postSolution
		{B59D868E-476B-43B2-901B-362421ABA2A2}.Debug|Any CPU.ActiveCfg = Debug|Any CPU
		{B59D868E-476B-43B2-901B-362421ABA2A2}.Debug|Any CPU.Build.0 = Debug|Any CPU
		{B59D868E-476B-43B2-901B-362421ABA2A2}.Release|Any CPU.ActiveCfg = Release|Any CPU
		{B59D868E-476B-43B2-901B-362421ABA2A2}.Release|Any CPU.Build.0 = Release|Any CPU
		{34E36FBA-6506-49E6-BADC-62198423916F}.Debug|Any CPU.ActiveCfg = Debug|Any CPU
		{34E36FBA-6506-49E6-BADC-62198423916F}.Debug|Any CPU.Build.0 = Debug|Any CPU
		{34E36FBA-6506-49E6-BADC-62198423916F}.Release|Any CPU.ActiveCfg = Release|Any CPU
		{34E36FBA-6506-49E6-BADC-62198423916F}.Release|Any CPU.Build.0 = Release|Any CPU
		{B49493B5-1468-49A6-9304-3CC1011FFADC}.Debug|Any CPU.ActiveCfg = Debug|Any CPU
		{B49493B5-1468-49A6-9304-3CC1011FFADC}.Debug|Any CPU.Build.0 = Debug|Any CPU
		{B49493B5-1468-49A6-9304-3CC1011FFADC}.Release|Any CPU.ActiveCfg = Release|Any CPU
		{B49493B5-1468-49A6-9304-3CC1011FFADC}.Release|Any CPU.Build.0 = Release|Any CPU
	EndGlobalSection
EndGlobal
